// !$*UTF8*$!
{
	archiveVersion = 1;
	classes = {
	};
	objectVersion = 55;
	objects = {

/* Begin PBXBuildFile section */
		712CE41A280A5633005A7D1A /* PinshApp.swift in Sources */ = {isa = PBXBuildFile; fileRef = 712CE419280A5633005A7D1A /* PinshApp.swift */; };
		712CE41C280A5633005A7D1A /* ContentView.swift in Sources */ = {isa = PBXBuildFile; fileRef = 712CE41B280A5633005A7D1A /* ContentView.swift */; };
		712CE41E280A5635005A7D1A /* Assets.xcassets in Resources */ = {isa = PBXBuildFile; fileRef = 712CE41D280A5635005A7D1A /* Assets.xcassets */; };
		712CE421280A5635005A7D1A /* Preview Assets.xcassets in Resources */ = {isa = PBXBuildFile; fileRef = 712CE420280A5635005A7D1A /* Preview Assets.xcassets */; };
		712CE42C280A6C8F005A7D1A /* InfoPanelView.swift in Sources */ = {isa = PBXBuildFile; fileRef = 712CE42B280A6C8F005A7D1A /* InfoPanelView.swift */; };
		712CE42E280B14A5005A7D1A /* PageModel.swift in Sources */ = {isa = PBXBuildFile; fileRef = 712CE42D280B14A5005A7D1A /* PageModel.swift */; };
		712CE430280B14FE005A7D1A /* PageData.swift in Sources */ = {isa = PBXBuildFile; fileRef = 712CE42F280B14FE005A7D1A /* PageData.swift */; };
/* End PBXBuildFile section */

/* Begin PBXFileReference section */
		712CE416280A5633005A7D1A /* Pinsh.app */ = {isa = PBXFileReference; explicitFileType = wrapper.application; includeInIndex = 0; path = Pinsh.app; sourceTree = BUILT_PRODUCTS_DIR; };
		712CE419280A5633005A7D1A /* PinshApp.swift */ = {isa = PBXFileReference; lastKnownFileType = sourcecode.swift; path = PinshApp.swift; sourceTree = "<group>"; };
		712CE41B280A5633005A7D1A /* ContentView.swift */ = {isa = PBXFileReference; lastKnownFileType = sourcecode.swift; path = ContentView.swift; sourceTree = "<group>"; };
		712CE41D280A5635005A7D1A /* Assets.xcassets */ = {isa = PBXFileReference; lastKnownFileType = folder.assetcatalog; path = Assets.xcassets; sourceTree = "<group>"; };
		712CE420280A5635005A7D1A /* Preview Assets.xcassets */ = {isa = PBXFileReference; lastKnownFileType = folder.assetcatalog; path = "Preview Assets.xcassets"; sourceTree = "<group>"; };
		712CE42B280A6C8F005A7D1A /* InfoPanelView.swift */ = {isa = PBXFileReference; lastKnownFileType = sourcecode.swift; path = InfoPanelView.swift; sourceTree = "<group>"; };
		712CE42D280B14A5005A7D1A /* PageModel.swift */ = {isa = PBXFileReference; lastKnownFileType = sourcecode.swift; path = PageModel.swift; sourceTree = "<group>"; };
		712CE42F280B14FE005A7D1A /* PageData.swift */ = {isa = PBXFileReference; lastKnownFileType = sourcecode.swift; path = PageData.swift; sourceTree = "<group>"; };
/* End PBXFileReference section */

/* Begin PBXFrameworksBuildPhase section */
		712CE413280A5633005A7D1A /* Frameworks */ = {
			isa = PBXFrameworksBuildPhase;
			buildActionMask = 2147483647;
			files = (
			);
			runOnlyForDeploymentPostprocessing = 0;
		};
/* End PBXFrameworksBuildPhase section */

/* Begin PBXGroup section */
		712CE40D280A5633005A7D1A = {
			isa = PBXGroup;
			children = (
				712CE418280A5633005A7D1A /* Pinsh */,
				712CE417280A5633005A7D1A /* Products */,
			);
			sourceTree = "<group>";
		};
		712CE417280A5633005A7D1A /* Products */ = {
			isa = PBXGroup;
			children = (
				712CE416280A5633005A7D1A /* Pinsh.app */,
			);
			name = Products;
			sourceTree = "<group>";
		};
		712CE418280A5633005A7D1A /* Pinsh */ = {
			isa = PBXGroup;
			children = (
				712CE42A280A587E005A7D1A /* View */,
				712CE429280A5878005A7D1A /* Data */,
				712CE428280A5874005A7D1A /* Model */,
				712CE419280A5633005A7D1A /* PinshApp.swift */,
				712CE427280A586F005A7D1A /* Screens */,
				712CE41D280A5635005A7D1A /* Assets.xcassets */,
				712CE41F280A5635005A7D1A /* Preview Content */,
			);
			path = Pinsh;
			sourceTree = "<group>";
		};
		712CE41F280A5635005A7D1A /* Preview Content */ = {
			isa = PBXGroup;
			children = (
				712CE420280A5635005A7D1A /* Preview Assets.xcassets */,
			);
			path = "Preview Content";
			sourceTree = "<group>";
		};
		712CE427280A586F005A7D1A /* Screens */ = {
			isa = PBXGroup;
			children = (
				712CE41B280A5633005A7D1A /* ContentView.swift */,
			);
			path = Screens;
			sourceTree = "<group>";
		};
		712CE428280A5874005A7D1A /* Model */ = {
			isa = PBXGroup;
			children = (
				712CE42D280B14A5005A7D1A /* PageModel.swift */,
			);
			path = Model;
			sourceTree = "<group>";
		};
		712CE429280A5878005A7D1A /* Data */ = {
			isa = PBXGroup;
			children = (
				712CE42F280B14FE005A7D1A /* PageData.swift */,
			);
			path = Data;
			sourceTree = "<group>";
		};
		712CE42A280A587E005A7D1A /* View */ = {
			isa = PBXGroup;
			children = (
				712CE42B280A6C8F005A7D1A /* InfoPanelView.swift */,
			);
			path = View;
			sourceTree = "<group>";
		};
/* End PBXGroup section */

/* Begin PBXNativeTarget section */
		712CE415280A5633005A7D1A /* Pinsh */ = {
			isa = PBXNativeTarget;
			buildConfigurationList = 712CE424280A5635005A7D1A /* Build configuration list for PBXNativeTarget "Pinsh" */;
			buildPhases = (
				712CE412280A5633005A7D1A /* Sources */,
				712CE413280A5633005A7D1A /* Frameworks */,
				712CE414280A5633005A7D1A /* Resources */,
			);
			buildRules = (
			);
			dependencies = (
			);
			name = Pinsh;
			productName = Pinsh;
			productReference = 712CE416280A5633005A7D1A /* Pinsh.app */;
			productType = "com.apple.product-type.application";
		};
/* End PBXNativeTarget section */

/* Begin PBXProject section */
		712CE40E280A5633005A7D1A /* Project object */ = {
			isa = PBXProject;
			attributes = {
				BuildIndependentTargetsInParallel = 1;
				LastSwiftUpdateCheck = 1330;
				LastUpgradeCheck = 1330;
				TargetAttributes = {
					712CE415280A5633005A7D1A = {
						CreatedOnToolsVersion = 13.3;
					};
				};
			};
			buildConfigurationList = 712CE411280A5633005A7D1A /* Build configuration list for PBXProject "Pinsh" */;
			compatibilityVersion = "Xcode 13.0";
			developmentRegion = en;
			hasScannedForEncodings = 0;
			knownRegions = (
				en,
				Base,
			);
			mainGroup = 712CE40D280A5633005A7D1A;
			productRefGroup = 712CE417280A5633005A7D1A /* Products */;
			projectDirPath = "";
			projectRoot = "";
			targets = (
				712CE415280A5633005A7D1A /* Pinsh */,
			);
		};
/* End PBXProject section */

/* Begin PBXResourcesBuildPhase section */
		712CE414280A5633005A7D1A /* Resources */ = {
			isa = PBXResourcesBuildPhase;
			buildActionMask = 2147483647;
			files = (
				712CE421280A5635005A7D1A /* Preview Assets.xcassets in Resources */,
				712CE41E280A5635005A7D1A /* Assets.xcassets in Resources */,
			);
			runOnlyForDeploymentPostprocessing = 0;
		};
/* End PBXResourcesBuildPhase section */

/* Begin PBXSourcesBuildPhase section */
		712CE412280A5633005A7D1A /* Sources */ = {
			isa = PBXSourcesBuildPhase;
			buildActionMask = 2147483647;
			files = (
				712CE42E280B14A5005A7D1A /* PageModel.swift in Sources */,
				712CE41C280A5633005A7D1A /* ContentView.swift in Sources */,
				712CE430280B14FE005A7D1A /* PageData.swift in Sources */,
				712CE41A280A5633005A7D1A /* PinshApp.swift in Sources */,
				712CE42C280A6C8F005A7D1A /* InfoPanelView.swift in Sources */,
			);
			runOnlyForDeploymentPostprocessing = 0;
		};
/* End PBXSourcesBuildPhase section */

/* Begin XCBuildConfiguration section */
		712CE422280A5635005A7D1A /* Debug */ = {
			isa = XCBuildConfiguration;
			buildSettings = {
				ALWAYS_SEARCH_USER_PATHS = NO;
				CLANG_ANALYZER_NONNULL = YES;
				CLANG_ANALYZER_NUMBER_OBJECT_CONVERSION = YES_AGGRESSIVE;
				CLANG_CXX_LANGUAGE_STANDARD = "gnu++17";
				CLANG_ENABLE_MODULES = YES;
				CLANG_ENABLE_OBJC_ARC = YES;
				CLANG_ENABLE_OBJC_WEAK = YES;
				CLANG_WARN_BLOCK_CAPTURE_AUTORELEASING = YES;
				CLANG_WARN_BOOL_CONVERSION = YES;
				CLANG_WARN_COMMA = YES;
				CLANG_WARN_CONSTANT_CONVERSION = YES;
				CLANG_WARN_DEPRECATED_OBJC_IMPLEMENTATIONS = YES;
				CLANG_WARN_DIRECT_OBJC_ISA_USAGE = YES_ERROR;
				CLANG_WARN_DOCUMENTATION_COMMENTS = YES;
				CLANG_WARN_EMPTY_BODY = YES;
				CLANG_WARN_ENUM_CONVERSION = YES;
				CLANG_WARN_INFINITE_RECURSION = YES;
				CLANG_WARN_INT_CONVERSION = YES;
				CLANG_WARN_NON_LITERAL_NULL_CONVERSION = YES;
				CLANG_WARN_OBJC_IMPLICIT_RETAIN_SELF = YES;
				CLANG_WARN_OBJC_LITERAL_CONVERSION = YES;
				CLANG_WARN_OBJC_ROOT_CLASS = YES_ERROR;
				CLANG_WARN_QUOTED_INCLUDE_IN_FRAMEWORK_HEADER = YES;
				CLANG_WARN_RANGE_LOOP_ANALYSIS = YES;
				CLANG_WARN_STRICT_PROTOTYPES = YES;
				CLANG_WARN_SUSPICIOUS_MOVE = YES;
				CLANG_WARN_UNGUARDED_AVAILABILITY = YES_AGGRESSIVE;
				CLANG_WARN_UNREACHABLE_CODE = YES;
				CLANG_WARN__DUPLICATE_METHOD_MATCH = YES;
				COPY_PHASE_STRIP = NO;
				DEBUG_INFORMATION_FORMAT = dwarf;
				ENABLE_STRICT_OBJC_MSGSEND = YES;
				ENABLE_TESTABILITY = YES;
				GCC_C_LANGUAGE_STANDARD = gnu11;
				GCC_DYNAMIC_NO_PIC = NO;
				GCC_NO_COMMON_BLOCKS = YES;
				GCC_OPTIMIZATION_LEVEL = 0;
				GCC_PREPROCESSOR_DEFINITIONS = (
					"DEBUG=1",
					"$(inherited)",
				);
				GCC_WARN_64_TO_32_BIT_CONVERSION = YES;
				GCC_WARN_ABOUT_RETURN_TYPE = YES_ERROR;
				GCC_WARN_UNDECLARED_SELECTOR = YES;
				GCC_WARN_UNINITIALIZED_AUTOS = YES_AGGRESSIVE;
				GCC_WARN_UNUSED_FUNCTION = YES;
				GCC_WARN_UNUSED_VARIABLE = YES;
				IPHONEOS_DEPLOYMENT_TARGET = 15.0;
				MTL_ENABLE_DEBUG_INFO = INCLUDE_SOURCE;
				MTL_FAST_MATH = YES;
				ONLY_ACTIVE_ARCH = YES;
				SDKROOT = iphoneos;
				SWIFT_ACTIVE_COMPILATION_CONDITIONS = DEBUG;
				SWIFT_OPTIMIZATION_LEVEL = "-Onone";
			};
			name = Debug;
		};
		712CE423280A5635005A7D1A /* Release */ = {
			isa = XCBuildConfiguration;
			buildSettings = {
				ALWAYS_SEARCH_USER_PATHS = NO;
				CLANG_ANALYZER_NONNULL = YES;
				CLANG_ANALYZER_NUMBER_OBJECT_CONVERSION = YES_AGGRESSIVE;
				CLANG_CXX_LANGUAGE_STANDARD = "gnu++17";
				CLANG_ENABLE_MODULES = YES;
				CLANG_ENABLE_OBJC_ARC = YES;
				CLANG_ENABLE_OBJC_WEAK = YES;
				CLANG_WARN_BLOCK_CAPTURE_AUTORELEASING = YES;
				CLANG_WARN_BOOL_CONVERSION = YES;
				CLANG_WARN_COMMA = YES;
				CLANG_WARN_CONSTANT_CONVERSION = YES;
				CLANG_WARN_DEPRECATED_OBJC_IMPLEMENTATIONS = YES;
				CLANG_WARN_DIRECT_OBJC_ISA_USAGE = YES_ERROR;
				CLANG_WARN_DOCUMENTATION_COMMENTS = YES;
				CLANG_WARN_EMPTY_BODY = YES;
				CLANG_WARN_ENUM_CONVERSION = YES;
				CLANG_WARN_INFINITE_RECURSION = YES;
				CLANG_WARN_INT_CONVERSION = YES;
				CLANG_WARN_NON_LITERAL_NULL_CONVERSION = YES;
				CLANG_WARN_OBJC_IMPLICIT_RETAIN_SELF = YES;
				CLANG_WARN_OBJC_LITERAL_CONVERSION = YES;
				CLANG_WARN_OBJC_ROOT_CLASS = YES_ERROR;
				CLANG_WARN_QUOTED_INCLUDE_IN_FRAMEWORK_HEADER = YES;
				CLANG_WARN_RANGE_LOOP_ANALYSIS = YES;
				CLANG_WARN_STRICT_PROTOTYPES = YES;
				CLANG_WARN_SUSPICIOUS_MOVE = YES;
				CLANG_WARN_UNGUARDED_AVAILABILITY = YES_AGGRESSIVE;
				CLANG_WARN_UNREACHABLE_CODE = YES;
				CLANG_WARN__DUPLICATE_METHOD_MATCH = YES;
				COPY_PHASE_STRIP = NO;
				DEBUG_INFORMATION_FORMAT = "dwarf-with-dsym";
				ENABLE_NS_ASSERTIONS = NO;
				ENABLE_STRICT_OBJC_MSGSEND = YES;
				GCC_C_LANGUAGE_STANDARD = gnu11;
				GCC_NO_COMMON_BLOCKS = YES;
				GCC_WARN_64_TO_32_BIT_CONVERSION = YES;
				GCC_WARN_ABOUT_RETURN_TYPE = YES_ERROR;
				GCC_WARN_UNDECLARED_SELECTOR = YES;
				GCC_WARN_UNINITIALIZED_AUTOS = YES_AGGRESSIVE;
				GCC_WARN_UNUSED_FUNCTION = YES;
				GCC_WARN_UNUSED_VARIABLE = YES;
				IPHONEOS_DEPLOYMENT_TARGET = 15.0;
				MTL_ENABLE_DEBUG_INFO = NO;
				MTL_FAST_MATH = YES;
				SDKROOT = iphoneos;
				SWIFT_COMPILATION_MODE = wholemodule;
				SWIFT_OPTIMIZATION_LEVEL = "-O";
				VALIDATE_PRODUCT = YES;
			};
			name = Release;
		};
		712CE425280A5635005A7D1A /* Debug */ = {
			isa = XCBuildConfiguration;
			buildSettings = {
				ASSETCATALOG_COMPILER_APPICON_NAME = AppIcon;
				ASSETCATALOG_COMPILER_GLOBAL_ACCENT_COLOR_NAME = AccentColor;
				CODE_SIGN_STYLE = Automatic;
				CURRENT_PROJECT_VERSION = 1;
				DEVELOPMENT_ASSET_PATHS = "\"Pinsh/Preview Content\"";
				DEVELOPMENT_TEAM = 2AVBY9XRGK;
				ENABLE_PREVIEWS = YES;
				GENERATE_INFOPLIST_FILE = YES;
				INFOPLIST_KEY_UIApplicationSceneManifest_Generation = YES;
				INFOPLIST_KEY_UIApplicationSupportsIndirectInputEvents = YES;
				INFOPLIST_KEY_UILaunchScreen_Generation = YES;
				INFOPLIST_KEY_UISupportedInterfaceOrientations = UIInterfaceOrientationPortrait;
				INFOPLIST_KEY_UISupportedInterfaceOrientations_iPad = "UIInterfaceOrientationPortrait UIInterfaceOrientationPortraitUpsideDown UIInterfaceOrientationLandscapeLeft UIInterfaceOrientationLandscapeRight";
				INFOPLIST_KEY_UISupportedInterfaceOrientations_iPhone = UIInterfaceOrientationPortrait;
				LD_RUNPATH_SEARCH_PATHS = (
					"$(inherited)",
					"@executable_path/Frameworks",
				);
				MARKETING_VERSION = 1.0;
				PRODUCT_BUNDLE_IDENTIFIER = zeyad.Pinsh;
				PRODUCT_NAME = "$(TARGET_NAME)";
				SWIFT_EMIT_LOC_STRINGS = YES;
				SWIFT_VERSION = 5.0;
				TARGETED_DEVICE_FAMILY = "1,2";
			};
			name = Debug;
		};
		712CE426280A5635005A7D1A /* Release */ = {
			isa = XCBuildConfiguration;
			buildSettings = {
				ASSETCATALOG_COMPILER_APPICON_NAME = AppIcon;
				ASSETCATALOG_COMPILER_GLOBAL_ACCENT_COLOR_NAME = AccentColor;
				CODE_SIGN_STYLE = Automatic;
				CURRENT_PROJECT_VERSION = 1;
				DEVELOPMENT_ASSET_PATHS = "\"Pinsh/Preview Content\"";
				DEVELOPMENT_TEAM = 2AVBY9XRGK;
				ENABLE_PREVIEWS = YES;
				GENERATE_INFOPLIST_FILE = YES;
				INFOPLIST_KEY_UIApplicationSceneManifest_Generation = YES;
				INFOPLIST_KEY_UIApplicationSupportsIndirectInputEvents = YES;
				INFOPLIST_KEY_UILaunchScreen_Generation = YES;
				INFOPLIST_KEY_UISupportedInterfaceOrientations = UIInterfaceOrientationPortrait;
				INFOPLIST_KEY_UISupportedInterfaceOrientations_iPad = "UIInterfaceOrientationPortrait UIInterfaceOrientationPortraitUpsideDown UIInterfaceOrientationLandscapeLeft UIInterfaceOrientationLandscapeRight";
				INFOPLIST_KEY_UISupportedInterfaceOrientations_iPhone = UIInterfaceOrientationPortrait;
				LD_RUNPATH_SEARCH_PATHS = (
					"$(inherited)",
					"@executable_path/Frameworks",
				);
				MARKETING_VERSION = 1.0;
				PRODUCT_BUNDLE_IDENTIFIER = zeyad.Pinsh;
				PRODUCT_NAME = "$(TARGET_NAME)";
				SWIFT_EMIT_LOC_STRINGS = YES;
				SWIFT_VERSION = 5.0;
				TARGETED_DEVICE_FAMILY = "1,2";
			};
			name = Release;
		};
/* End XCBuildConfiguration section */

/* Begin XCConfigurationList section */
		712CE411280A5633005A7D1A /* Build configuration list for PBXProject "Pinsh" */ = {
			isa = XCConfigurationList;
			buildConfigurations = (
				712CE422280A5635005A7D1A /* Debug */,
				712CE423280A5635005A7D1A /* Release */,
			);
			defaultConfigurationIsVisible = 0;
			defaultConfigurationName = Release;
		};
		712CE424280A5635005A7D1A /* Build configuration list for PBXNativeTarget "Pinsh" */ = {
			isa = XCConfigurationList;
			buildConfigurations = (
				712CE425280A5635005A7D1A /* Debug */,
				712CE426280A5635005A7D1A /* Release */,
			);
			defaultConfigurationIsVisible = 0;
			defaultConfigurationName = Release;
		};
/* End XCConfigurationList section */
	};
	rootObject = 712CE40E280A5633005A7D1A /* Project object */;
}
